
Microsoft Visual Studio Solution File, Format Version 12.00
# Visual Studio Version 17
VisualStudioVersion = 17.4.33205.214
MinimumVisualStudioVersion = 10.0.40219.1
Project("{FAE04EC0-301F-11D3-BF4B-00C04F79EFBC}") = "CPO_lab_3", "CPO_lab_3\CPO_lab_3.csproj", "{8BA75AAC-C37C-454F-BC40-719400013F51}"
EndProject
Global
	GlobalSection(SolutionConfigurationPlatforms) = preSolution
		Debug|Any CPU = Debug|Any CPU
		Release|Any CPU = Release|Any CPU
	EndGlobalSection
	GlobalSection(ProjectConfigurationPlatforms) = postSolution
		{8BA75AAC-C37C-454F-BC40-719400013F51}.Debug|Any CPU.ActiveCfg = Debug|Any CPU
		{8BA75AAC-C37C-454F-BC40-719400013F51}.Debug|Any CPU.Build.0 = Debug|Any CPU
		{8BA75AAC-C37C-454F-BC40-719400013F51}.Release|Any CPU.ActiveCfg = Release|Any CPU
		{8BA75AAC-C37C-454F-BC40-719400013F51}.Release|Any CPU.Build.0 = Release|Any CPU
	EndGlobalSection
	GlobalSection(SolutionProperties) = preSolution
		HideSolutionNode = FALSE
	EndGlobalSection
	GlobalSection(ExtensibilityGlobals) = postSolution
		SolutionGuid = {B461C363-5D4B-40DD-A513-1F7992CF2DF3}
	EndGlobalSection
EndGlobal
