
Microsoft Visual Studio Solution File, Format Version 12.00
# Visual Studio Version 17
VisualStudioVersion = 17.3.32929.385
MinimumVisualStudioVersion = 10.0.40219.1
Project("{FAE04EC0-301F-11D3-BF4B-00C04F79EFBC}") = "chatBot", "chatBot\chatBot.csproj", "{97B79CD4-57CF-43C5-B542-8A533A06F5D7}"
EndProject
Global
	GlobalSection(SolutionConfigurationPlatforms) = preSolution
		Debug|Any CPU = Debug|Any CPU
		Release|Any CPU = Release|Any CPU
	EndGlobalSection
	GlobalSection(ProjectConfigurationPlatforms) = postSolution
		{97B79CD4-57CF-43C5-B542-8A533A06F5D7}.Debug|Any CPU.ActiveCfg = Debug|Any CPU
		{97B79CD4-57CF-43C5-B542-8A533A06F5D7}.Debug|Any CPU.Build.0 = Debug|Any CPU
		{97B79CD4-57CF-43C5-B542-8A533A06F5D7}.Release|Any CPU.ActiveCfg = Release|Any CPU
		{97B79CD4-57CF-43C5-B542-8A533A06F5D7}.Release|Any CPU.Build.0 = Release|Any CPU
	EndGlobalSection
	GlobalSection(SolutionProperties) = preSolution
		HideSolutionNode = FALSE
	EndGlobalSection
	GlobalSection(ExtensibilityGlobals) = postSolution
		SolutionGuid = {9FD5CAA7-5276-4C8B-B36A-6C0821BCB4D5}
	EndGlobalSection
EndGlobal
