
Microsoft Visual Studio Solution File, Format Version 12.00
# Visual Studio Version 17
VisualStudioVersion = 17.4.33205.214
MinimumVisualStudioVersion = 10.0.40219.1
Project("{FAE04EC0-301F-11D3-BF4B-00C04F79EFBC}") = "CPO_lab_4", "CPO_lab_4\CPO_lab_4.csproj", "{9C918C84-1895-45E3-A2E8-80C7C5F7D26C}"
EndProject
Global
	GlobalSection(SolutionConfigurationPlatforms) = preSolution
		Debug|Any CPU = Debug|Any CPU
		Release|Any CPU = Release|Any CPU
	EndGlobalSection
	GlobalSection(ProjectConfigurationPlatforms) = postSolution
		{9C918C84-1895-45E3-A2E8-80C7C5F7D26C}.Debug|Any CPU.ActiveCfg = Debug|Any CPU
		{9C918C84-1895-45E3-A2E8-80C7C5F7D26C}.Debug|Any CPU.Build.0 = Debug|Any CPU
		{9C918C84-1895-45E3-A2E8-80C7C5F7D26C}.Release|Any CPU.ActiveCfg = Release|Any CPU
		{9C918C84-1895-45E3-A2E8-80C7C5F7D26C}.Release|Any CPU.Build.0 = Release|Any CPU
	EndGlobalSection
	GlobalSection(SolutionProperties) = preSolution
		HideSolutionNode = FALSE
	EndGlobalSection
	GlobalSection(ExtensibilityGlobals) = postSolution
		SolutionGuid = {636B1EE3-20BC-488C-B918-4A39FB6FE159}
	EndGlobalSection
EndGlobal
